// !$*UTF8*$!
{
	archiveVersion = 1;
	classes = {
	};
	objectVersion = 46;
	objects = {

/* Begin PBXBuildFile section */
		A0CCB4B71B53997C00A3C948 /* main.m in Sources */ = {isa = PBXBuildFile; fileRef = A0CCB4B61B53997C00A3C948 /* main.m */; };
		A0CCB4BA1B53997C00A3C948 /* AppDelegate.m in Sources */ = {isa = PBXBuildFile; fileRef = A0CCB4B91B53997C00A3C948 /* AppDelegate.m */; };
		A0CCB4BD1B53997C00A3C948 /* ViewController.m in Sources */ = {isa = PBXBuildFile; fileRef = A0CCB4BC1B53997C00A3C948 /* ViewController.m */; };
		A0CCB4C01B53997C00A3C948 /* Main.storyboard in Resources */ = {isa = PBXBuildFile; fileRef = A0CCB4BE1B53997C00A3C948 /* Main.storyboard */; };
		A0CCB4C21B53997C00A3C948 /* Images.xcassets in Resources */ = {isa = PBXBuildFile; fileRef = A0CCB4C11B53997C00A3C948 /* Images.xcassets */; };
		A0CCB4C51B53997C00A3C948 /* LaunchScreen.xib in Resources */ = {isa = PBXBuildFile; fileRef = A0CCB4C31B53997C00A3C948 /* LaunchScreen.xib */; };
		A0CCB4D11B53997C00A3C948 /* TableDemoTests.m in Sources */ = {isa = PBXBuildFile; fileRef = A0CCB4D01B53997C00A3C948 /* TableDemoTests.m */; };
/* End PBXBuildFile section */

/* Begin PBXContainerItemProxy section */
		A0CCB4CB1B53997C00A3C948 /* PBXContainerItemProxy */ = {
			isa = PBXContainerItemProxy;
			containerPortal = A0CCB4A91B53997C00A3C948 /* Project object */;
			proxyType = 1;
			remoteGlobalIDString = A0CCB4B01B53997C00A3C948;
			remoteInfo = TableDemo;
		};
/* End PBXContainerItemProxy section */

/* Begin PBXFileReference section */
		A0CCB4B11B53997C00A3C948 /* TableDemo.app */ = {isa = PBXFileReference; explicitFileType = wrapper.application; includeInIndex = 0; path = TableDemo.app; sourceTree = BUILT_PRODUCTS_DIR; };
		A0CCB4B51B53997C00A3C948 /* Info.plist */ = {isa = PBXFileReference; lastKnownFileType = text.plist.xml; path = Info.plist; sourceTree = "<group>"; };
		A0CCB4B61B53997C00A3C948 /* main.m */ = {isa = PBXFileReference; lastKnownFileType = sourcecode.c.objc; path = main.m; sourceTree = "<group>"; };
		A0CCB4B81B53997C00A3C948 /* AppDelegate.h */ = {isa = PBXFileReference; lastKnownFileType = sourcecode.c.h; path = AppDelegate.h; sourceTree = "<group>"; };
		A0CCB4B91B53997C00A3C948 /* AppDelegate.m */ = {isa = PBXFileReference; lastKnownFileType = sourcecode.c.objc; path = AppDelegate.m; sourceTree = "<group>"; };
		A0CCB4BB1B53997C00A3C948 /* ViewController.h */ = {isa = PBXFileReference; lastKnownFileType = sourcecode.c.h; path = ViewController.h; sourceTree = "<group>"; };
		A0CCB4BC1B53997C00A3C948 /* ViewController.m */ = {isa = PBXFileReference; lastKnownFileType = sourcecode.c.objc; path = ViewController.m; sourceTree = "<group>"; };
		A0CCB4BF1B53997C00A3C948 /* Base */ = {isa = PBXFileReference; lastKnownFileType = file.storyboard; name = Base; path = Base.lproj/Main.storyboard; sourceTree = "<group>"; };
		A0CCB4C11B53997C00A3C948 /* Images.xcassets */ = {isa = PBXFileReference; lastKnownFileType = folder.assetcatalog; path = Images.xcassets; sourceTree = "<group>"; };
		A0CCB4C41B53997C00A3C948 /* Base */ = {isa = PBXFileReference; lastKnownFileType = file.xib; name = Base; path = Base.lproj/LaunchScreen.xib; sourceTree = "<group>"; };
		A0CCB4CA1B53997C00A3C948 /* TableDemoTests.xctest */ = {isa = PBXFileReference; explicitFileType = wrapper.cfbundle; includeInIndex = 0; path = TableDemoTests.xctest; sourceTree = BUILT_PRODUCTS_DIR; };
		A0CCB4CF1B53997C00A3C948 /* Info.plist */ = {isa = PBXFileReference; lastKnownFileType = text.plist.xml; path = Info.plist; sourceTree = "<group>"; };
		A0CCB4D01B53997C00A3C948 /* TableDemoTests.m */ = {isa = PBXFileReference; lastKnownFileType = sourcecode.c.objc; path = TableDemoTests.m; sourceTree = "<group>"; };
/* End PBXFileReference section */

/* Begin PBXFrameworksBuildPhase section */
		A0CCB4AE1B53997C00A3C948 /* Frameworks */ = {
			isa = PBXFrameworksBuildPhase;
			buildActionMask = 2147483647;
			files = (
			);
			runOnlyForDeploymentPostprocessing = 0;
		};
		A0CCB4C71B53997C00A3C948 /* Frameworks */ = {
			isa = PBXFrameworksBuildPhase;
			buildActionMask = 2147483647;
			files = (
			);
			runOnlyForDeploymentPostprocessing = 0;
		};
/* End PBXFrameworksBuildPhase section */

/* Begin PBXGroup section */
		A0CCB4A81B53997C00A3C948 = {
			isa = PBXGroup;
			children = (
				A0CCB4B31B53997C00A3C948 /* TableDemo */,
				A0CCB4CD1B53997C00A3C948 /* TableDemoTests */,
				A0CCB4B21B53997C00A3C948 /* Products */,
			);
			sourceTree = "<group>";
		};
		A0CCB4B21B53997C00A3C948 /* Products */ = {
			isa = PBXGroup;
			children = (
				A0CCB4B11B53997C00A3C948 /* TableDemo.app */,
				A0CCB4CA1B53997C00A3C948 /* TableDemoTests.xctest */,
			);
			name = Products;
			sourceTree = "<group>";
		};
		A0CCB4B31B53997C00A3C948 /* TableDemo */ = {
			isa = PBXGroup;
			children = (
				A0CCB4B81B53997C00A3C948 /* AppDelegate.h */,
				A0CCB4B91B53997C00A3C948 /* AppDelegate.m */,
				A0CCB4BB1B53997C00A3C948 /* ViewController.h */,
				A0CCB4BC1B53997C00A3C948 /* ViewController.m */,
				A0CCB4BE1B53997C00A3C948 /* Main.storyboard */,
				A0CCB4C11B53997C00A3C948 /* Images.xcassets */,
				A0CCB4C31B53997C00A3C948 /* LaunchScreen.xib */,
				A0CCB4B41B53997C00A3C948 /* Supporting Files */,
			);
			path = TableDemo;
			sourceTree = "<group>";
		};
		A0CCB4B41B53997C00A3C948 /* Supporting Files */ = {
			isa = PBXGroup;
			children = (
				A0CCB4B51B53997C00A3C948 /* Info.plist */,
				A0CCB4B61B53997C00A3C948 /* main.m */,
			);
			name = "Supporting Files";
			sourceTree = "<group>";
		};
		A0CCB4CD1B53997C00A3C948 /* TableDemoTests */ = {
			isa = PBXGroup;
			children = (
				A0CCB4D01B53997C00A3C948 /* TableDemoTests.m */,
				A0CCB4CE1B53997C00A3C948 /* Supporting Files */,
			);
			path = TableDemoTests;
			sourceTree = "<group>";
		};
		A0CCB4CE1B53997C00A3C948 /* Supporting Files */ = {
			isa = PBXGroup;
			children = (
				A0CCB4CF1B53997C00A3C948 /* Info.plist */,
			);
			name = "Supporting Files";
			sourceTree = "<group>";
		};
/* End PBXGroup section */

/* Begin PBXNativeTarget section */
		A0CCB4B01B53997C00A3C948 /* TableDemo */ = {
			isa = PBXNativeTarget;
			buildConfigurationList = A0CCB4D41B53997C00A3C948 /* Build configuration list for PBXNativeTarget "TableDemo" */;
			buildPhases = (
				A0CCB4AD1B53997C00A3C948 /* Sources */,
				A0CCB4AE1B53997C00A3C948 /* Frameworks */,
				A0CCB4AF1B53997C00A3C948 /* Resources */,
			);
			buildRules = (
			);
			dependencies = (
			);
			name = TableDemo;
			productName = TableDemo;
			productReference = A0CCB4B11B53997C00A3C948 /* TableDemo.app */;
			productType = "com.apple.product-type.application";
		};
		A0CCB4C91B53997C00A3C948 /* TableDemoTests */ = {
			isa = PBXNativeTarget;
			buildConfigurationList = A0CCB4D71B53997C00A3C948 /* Build configuration list for PBXNativeTarget "TableDemoTests" */;
			buildPhases = (
				A0CCB4C61B53997C00A3C948 /* Sources */,
				A0CCB4C71B53997C00A3C948 /* Frameworks */,
				A0CCB4C81B53997C00A3C948 /* Resources */,
			);
			buildRules = (
			);
			dependencies = (
				A0CCB4CC1B53997C00A3C948 /* PBXTargetDependency */,
			);
			name = TableDemoTests;
			productName = TableDemoTests;
			productReference = A0CCB4CA1B53997C00A3C948 /* TableDemoTests.xctest */;
			productType = "com.apple.product-type.bundle.unit-test";
		};
/* End PBXNativeTarget section */

/* Begin PBXProject section */
		A0CCB4A91B53997C00A3C948 /* Project object */ = {
			isa = PBXProject;
			attributes = {
				LastUpgradeCheck = 0630;
				ORGANIZATIONNAME = ammar;
				TargetAttributes = {
					A0CCB4B01B53997C00A3C948 = {
						CreatedOnToolsVersion = 6.3.1;
					};
					A0CCB4C91B53997C00A3C948 = {
						CreatedOnToolsVersion = 6.3.1;
						TestTargetID = A0CCB4B01B53997C00A3C948;
					};
				};
			};
			buildConfigurationList = A0CCB4AC1B53997C00A3C948 /* Build configuration list for PBXProject "TableDemo" */;
			compatibilityVersion = "Xcode 3.2";
			developmentRegion = English;
			hasScannedForEncodings = 0;
			knownRegions = (
				en,
				Base,
			);
			mainGroup = A0CCB4A81B53997C00A3C948;
			productRefGroup = A0CCB4B21B53997C00A3C948 /* Products */;
			projectDirPath = "";
			projectRoot = "";
			targets = (
				A0CCB4B01B53997C00A3C948 /* TableDemo */,
				A0CCB4C91B53997C00A3C948 /* TableDemoTests */,
			);
		};
/* End PBXProject section */

/* Begin PBXResourcesBuildPhase section */
		A0CCB4AF1B53997C00A3C948 /* Resources */ = {
			isa = PBXResourcesBuildPhase;
			buildActionMask = 2147483647;
			files = (
				A0CCB4C01B53997C00A3C948 /* Main.storyboard in Resources */,
				A0CCB4C51B53997C00A3C948 /* LaunchScreen.xib in Resources */,
				A0CCB4C21B53997C00A3C948 /* Images.xcassets in Resources */,
			);
			runOnlyForDeploymentPostprocessing = 0;
		};
		A0CCB4C81B53997C00A3C948 /* Resources */ = {
			isa = PBXResourcesBuildPhase;
			buildActionMask = 2147483647;
			files = (
			);
			runOnlyForDeploymentPostprocessing = 0;
		};
/* End PBXResourcesBuildPhase section */

/* Begin PBXSourcesBuildPhase section */
		A0CCB4AD1B53997C00A3C948 /* Sources */ = {
			isa = PBXSourcesBuildPhase;
			buildActionMask = 2147483647;
			files = (
				A0CCB4BD1B53997C00A3C948 /* ViewController.m in Sources */,
				A0CCB4BA1B53997C00A3C948 /* AppDelegate.m in Sources */,
				A0CCB4B71B53997C00A3C948 /* main.m in Sources */,
			);
			runOnlyForDeploymentPostprocessing = 0;
		};
		A0CCB4C61B53997C00A3C948 /* Sources */ = {
			isa = PBXSourcesBuildPhase;
			buildActionMask = 2147483647;
			files = (
				A0CCB4D11B53997C00A3C948 /* TableDemoTests.m in Sources */,
			);
			runOnlyForDeploymentPostprocessing = 0;
		};
/* End PBXSourcesBuildPhase section */

/* Begin PBXTargetDependency section */
		A0CCB4CC1B53997C00A3C948 /* PBXTargetDependency */ = {
			isa = PBXTargetDependency;
			target = A0CCB4B01B53997C00A3C948 /* TableDemo */;
			targetProxy = A0CCB4CB1B53997C00A3C948 /* PBXContainerItemProxy */;
		};
/* End PBXTargetDependency section */

/* Begin PBXVariantGroup section */
		A0CCB4BE1B53997C00A3C948 /* Main.storyboard */ = {
			isa = PBXVariantGroup;
			children = (
				A0CCB4BF1B53997C00A3C948 /* Base */,
			);
			name = Main.storyboard;
			sourceTree = "<group>";
		};
		A0CCB4C31B53997C00A3C948 /* LaunchScreen.xib */ = {
			isa = PBXVariantGroup;
			children = (
				A0CCB4C41B53997C00A3C948 /* Base */,
			);
			name = LaunchScreen.xib;
			sourceTree = "<group>";
		};
/* End PBXVariantGroup section */

/* Begin XCBuildConfiguration section */
		A0CCB4D21B53997C00A3C948 /* Debug */ = {
			isa = XCBuildConfiguration;
			buildSettings = {
				ALWAYS_SEARCH_USER_PATHS = NO;
				CLANG_CXX_LANGUAGE_STANDARD = "gnu++0x";
				CLANG_CXX_LIBRARY = "libc++";
				CLANG_ENABLE_MODULES = YES;
				CLANG_ENABLE_OBJC_ARC = YES;
				CLANG_WARN_BOOL_CONVERSION = YES;
				CLANG_WARN_CONSTANT_CONVERSION = YES;
				CLANG_WARN_DIRECT_OBJC_ISA_USAGE = YES_ERROR;
				CLANG_WARN_EMPTY_BODY = YES;
				CLANG_WARN_ENUM_CONVERSION = YES;
				CLANG_WARN_INT_CONVERSION = YES;
				CLANG_WARN_OBJC_ROOT_CLASS = YES_ERROR;
				CLANG_WARN_UNREACHABLE_CODE = YES;
				CLANG_WARN__DUPLICATE_METHOD_MATCH = YES;
				"CODE_SIGN_IDENTITY[sdk=iphoneos*]" = "iPhone Developer";
				COPY_PHASE_STRIP = NO;
				DEBUG_INFORMATION_FORMAT = "dwarf-with-dsym";
				ENABLE_STRICT_OBJC_MSGSEND = YES;
				GCC_C_LANGUAGE_STANDARD = gnu99;
				GCC_DYNAMIC_NO_PIC = NO;
				GCC_NO_COMMON_BLOCKS = YES;
				GCC_OPTIMIZATION_LEVEL = 0;
				GCC_PREPROCESSOR_DEFINITIONS = (
					"DEBUG=1",
					"$(inherited)",
				);
				GCC_SYMBOLS_PRIVATE_EXTERN = NO;
				GCC_WARN_64_TO_32_BIT_CONVERSION = YES;
				GCC_WARN_ABOUT_RETURN_TYPE = YES_ERROR;
				GCC_WARN_UNDECLARED_SELECTOR = YES;
				GCC_WARN_UNINITIALIZED_AUTOS = YES_AGGRESSIVE;
				GCC_WARN_UNUSED_FUNCTION = YES;
				GCC_WARN_UNUSED_VARIABLE = YES;
				IPHONEOS_DEPLOYMENT_TARGET = 8.3;
				MTL_ENABLE_DEBUG_INFO = YES;
				ONLY_ACTIVE_ARCH = YES;
				SDKROOT = iphoneos;
			};
			name = Debug;
		};
		A0CCB4D31B53997C00A3C948 /* Release */ = {
			isa = XCBuildConfiguration;
			buildSettings = {
				ALWAYS_SEARCH_USER_PATHS = NO;
				CLANG_CXX_LANGUAGE_STANDARD = "gnu++0x";
				CLANG_CXX_LIBRARY = "libc++";
				CLANG_ENABLE_MODULES = YES;
				CLANG_ENABLE_OBJC_ARC = YES;
				CLANG_WARN_BOOL_CONVERSION = YES;
				CLANG_WARN_CONSTANT_CONVERSION = YES;
				CLANG_WARN_DIRECT_OBJC_ISA_USAGE = YES_ERROR;
				CLANG_WARN_EMPTY_BODY = YES;
				CLANG_WARN_ENUM_CONVERSION = YES;
				CLANG_WARN_INT_CONVERSION = YES;
				CLANG_WARN_OBJC_ROOT_CLASS = YES_ERROR;
				CLANG_WARN_UNREACHABLE_CODE = YES;
				CLANG_WARN__DUPLICATE_METHOD_MATCH = YES;
				"CODE_SIGN_IDENTITY[sdk=iphoneos*]" = "iPhone Developer";
				COPY_PHASE_STRIP = NO;
				DEBUG_INFORMATION_FORMAT = "dwarf-with-dsym";
				ENABLE_NS_ASSERTIONS = NO;
				ENABLE_STRICT_OBJC_MSGSEND = YES;
				GCC_C_LANGUAGE_STANDARD = gnu99;
				GCC_NO_COMMON_BLOCKS = YES;
				GCC_WARN_64_TO_32_BIT_CONVERSION = YES;
				GCC_WARN_ABOUT_RETURN_TYPE = YES_ERROR;
				GCC_WARN_UNDECLARED_SELECTOR = YES;
				GCC_WARN_UNINITIALIZED_AUTOS = YES_AGGRESSIVE;
				GCC_WARN_UNUSED_FUNCTION = YES;
				GCC_WARN_UNUSED_VARIABLE = YES;
				IPHONEOS_DEPLOYMENT_TARGET = 8.3;
				MTL_ENABLE_DEBUG_INFO = NO;
				SDKROOT = iphoneos;
				VALIDATE_PRODUCT = YES;
			};
			name = Release;
		};
		A0CCB4D51B53997C00A3C948 /* Debug */ = {
			isa = XCBuildConfiguration;
			buildSettings = {
				ASSETCATALOG_COMPILER_APPICON_NAME = AppIcon;
				INFOPLIST_FILE = TableDemo/Info.plist;
				LD_RUNPATH_SEARCH_PATHS = "$(inherited) @executable_path/Frameworks";
				PRODUCT_NAME = "$(TARGET_NAME)";
			};
			name = Debug;
		};
		A0CCB4D61B53997C00A3C948 /* Release */ = {
			isa = XCBuildConfiguration;
			buildSettings = {
				ASSETCATALOG_COMPILER_APPICON_NAME = AppIcon;
				INFOPLIST_FILE = TableDemo/Info.plist;
				LD_RUNPATH_SEARCH_PATHS = "$(inherited) @executable_path/Frameworks";
				PRODUCT_NAME = "$(TARGET_NAME)";
			};
			name = Release;
		};
		A0CCB4D81B53997C00A3C948 /* Debug */ = {
			isa = XCBuildConfiguration;
			buildSettings = {
				BUNDLE_LOADER = "$(TEST_HOST)";
				FRAMEWORK_SEARCH_PATHS = (
					"$(SDKROOT)/Developer/Library/Frameworks",
					"$(inherited)",
				);
				GCC_PREPROCESSOR_DEFINITIONS = (
					"DEBUG=1",
					"$(inherited)",
				);
				INFOPLIST_FILE = TableDemoTests/Info.plist;
				LD_RUNPATH_SEARCH_PATHS = "$(inherited) @executable_path/Frameworks @loader_path/Frameworks";
				PRODUCT_NAME = "$(TARGET_NAME)";
				TEST_HOST = "$(BUILT_PRODUCTS_DIR)/TableDemo.app/TableDemo";
			};
			name = Debug;
		};
		A0CCB4D91B53997C00A3C948 /* Release */ = {
			isa = XCBuildConfiguration;
			buildSettings = {
				BUNDLE_LOADER = "$(TEST_HOST)";
				FRAMEWORK_SEARCH_PATHS = (
					"$(SDKROOT)/Developer/Library/Frameworks",
					"$(inherited)",
				);
				INFOPLIST_FILE = TableDemoTests/Info.plist;
				LD_RUNPATH_SEARCH_PATHS = "$(inherited) @executable_path/Frameworks @loader_path/Frameworks";
				PRODUCT_NAME = "$(TARGET_NAME)";
				TEST_HOST = "$(BUILT_PRODUCTS_DIR)/TableDemo.app/TableDemo";
			};
			name = Release;
		};
/* End XCBuildConfiguration section */

/* Begin XCConfigurationList section */
		A0CCB4AC1B53997C00A3C948 /* Build configuration list for PBXProject "TableDemo" */ = {
			isa = XCConfigurationList;
			buildConfigurations = (
				A0CCB4D21B53997C00A3C948 /* Debug */,
				A0CCB4D31B53997C00A3C948 /* Release */,
			);
			defaultConfigurationIsVisible = 0;
			defaultConfigurationName = Release;
		};
		A0CCB4D41B53997C00A3C948 /* Build configuration list for PBXNativeTarget "TableDemo" */ = {
			isa = XCConfigurationList;
			buildConfigurations = (
				A0CCB4D51B53997C00A3C948 /* Debug */,
				A0CCB4D61B53997C00A3C948 /* Release */,
			);
			defaultConfigurationIsVisible = 0;
		};
		A0CCB4D71B53997C00A3C948 /* Build configuration list for PBXNativeTarget "TableDemoTests" */ = {
			isa = XCConfigurationList;
			buildConfigurations = (
				A0CCB4D81B53997C00A3C948 /* Debug */,
				A0CCB4D91B53997C00A3C948 /* Release */,
			);
			defaultConfigurationIsVisible = 0;
		};
/* End XCConfigurationList section */
	};
	rootObject = A0CCB4A91B53997C00A3C948 /* Project object */;
}
